
Microsoft Visual Studio Solution File, Format Version 12.00
# Visual Studio Version 17
VisualStudioVersion = 17.9.34723.18
MinimumVisualStudioVersion = 10.0.40219.1
Project("{9A19103F-16F7-4668-BE54-9A1E7A4F7556}") = "BookstoreApp", "BookstoreApp\BookstoreApp.csproj", "{A8E95A1B-DDD9-4A80-9508-07DF8E0339DA}"
EndProject
Global
	GlobalSection(SolutionConfigurationPlatforms) = preSolution
		Debug|Any CPU = Debug|Any CPU
		Release|Any CPU = Release|Any CPU
	EndGlobalSection
	GlobalSection(ProjectConfigurationPlatforms) = postSolution
		{A8E95A1B-DDD9-4A80-9508-07DF8E0339DA}.Debug|Any CPU.ActiveCfg = Debug|Any CPU
		{A8E95A1B-DDD9-4A80-9508-07DF8E0339DA}.Debug|Any CPU.Build.0 = Debug|Any CPU
		{A8E95A1B-DDD9-4A80-9508-07DF8E0339DA}.Release|Any CPU.ActiveCfg = Release|Any CPU
		{A8E95A1B-DDD9-4A80-9508-07DF8E0339DA}.Release|Any CPU.Build.0 = Release|Any CPU
	EndGlobalSection
	GlobalSection(SolutionProperties) = preSolution
		HideSolutionNode = FALSE
	EndGlobalSection
	GlobalSection(ExtensibilityGlobals) = postSolution
		SolutionGuid = {F866863A-91A9-474A-9C4E-1CB6A8A3100E}
	EndGlobalSection
EndGlobal
